
Microsoft Visual Studio Solution File, Format Version 12.00
Project("{FAE04EC0-301F-11D3-BF4B-00C04F79EFBC}") = "Ordering.API", "src\Ordering.API\Ordering.API.csproj", "{98581A2E-16E9-41AC-AD27-2D266D44DF19}"
EndProject
Project("{FAE04EC0-301F-11D3-BF4B-00C04F79EFBC}") = "Ordering.Domain", "src\Ordering.Domain\Ordering.Domain.csproj", "{F4A3E679-D3BC-4894-B116-E350C3B21B22}"
EndProject
Project("{FAE04EC0-301F-11D3-BF4B-00C04F79EFBC}") = "Ordering.Infrastructure", "src\Ordering.Infrastructure\Ordering.Infrastructure.csproj", "{B594C290-A13A-4E89-B900-5CC176EA1550}"
EndProject
Project("{2150E333-8FDC-42A3-9474-1A3956D46DE8}") = "src", "src", "{C7DB6BAB-165B-4DE8-864B-3A329B700E0E}"
EndProject
Project("{FAE04EC0-301F-11D3-BF4B-00C04F79EFBC}") = "Catalog.API", "src\Catalog.API\Catalog.API.csproj", "{47A53AD5-074D-44FC-A360-8396A584F931}"
EndProject
Project("{FAE04EC0-301F-11D3-BF4B-00C04F79EFBC}") = "Aspire.AppHost", "src\Aspire\Aspire.AppHost\Aspire.AppHost.csproj", "{14A98290-4DE4-4E4A-B8D7-E323434F99B0}"
EndProject
Project("{FAE04EC0-301F-11D3-BF4B-00C04F79EFBC}") = "Aspire.ServiceDefaults", "src\Aspire\Aspire.ServiceDefaults\Aspire.ServiceDefaults.csproj", "{FA12AD2C-4889-4D60-A7C1-EB4349E4CE41}"
EndProject
Project("{FAE04EC0-301F-11D3-BF4B-00C04F79EFBC}") = "IntegrationEvents", "src\IntegrationEvents\IntegrationEvents.csproj", "{C28A8A70-ACCE-45F5-8A5E-76CBC400D028}"
EndProject
Global
	GlobalSection(SolutionConfigurationPlatforms) = preSolution
		Debug|Any CPU = Debug|Any CPU
		Release|Any CPU = Release|Any CPU
	EndGlobalSection
	GlobalSection(ProjectConfigurationPlatforms) = postSolution
		{98581A2E-16E9-41AC-AD27-2D266D44DF19}.Debug|Any CPU.ActiveCfg = Debug|Any CPU
		{98581A2E-16E9-41AC-AD27-2D266D44DF19}.Debug|Any CPU.Build.0 = Debug|Any CPU
		{98581A2E-16E9-41AC-AD27-2D266D44DF19}.Release|Any CPU.ActiveCfg = Release|Any CPU
		{98581A2E-16E9-41AC-AD27-2D266D44DF19}.Release|Any CPU.Build.0 = Release|Any CPU
		{F4A3E679-D3BC-4894-B116-E350C3B21B22}.Debug|Any CPU.ActiveCfg = Debug|Any CPU
		{F4A3E679-D3BC-4894-B116-E350C3B21B22}.Debug|Any CPU.Build.0 = Debug|Any CPU
		{F4A3E679-D3BC-4894-B116-E350C3B21B22}.Release|Any CPU.ActiveCfg = Release|Any CPU
		{F4A3E679-D3BC-4894-B116-E350C3B21B22}.Release|Any CPU.Build.0 = Release|Any CPU
		{B594C290-A13A-4E89-B900-5CC176EA1550}.Debug|Any CPU.ActiveCfg = Debug|Any CPU
		{B594C290-A13A-4E89-B900-5CC176EA1550}.Debug|Any CPU.Build.0 = Debug|Any CPU
		{B594C290-A13A-4E89-B900-5CC176EA1550}.Release|Any CPU.ActiveCfg = Release|Any CPU
		{B594C290-A13A-4E89-B900-5CC176EA1550}.Release|Any CPU.Build.0 = Release|Any CPU
		{47A53AD5-074D-44FC-A360-8396A584F931}.Debug|Any CPU.ActiveCfg = Debug|Any CPU
		{47A53AD5-074D-44FC-A360-8396A584F931}.Debug|Any CPU.Build.0 = Debug|Any CPU
		{47A53AD5-074D-44FC-A360-8396A584F931}.Release|Any CPU.ActiveCfg = Release|Any CPU
		{47A53AD5-074D-44FC-A360-8396A584F931}.Release|Any CPU.Build.0 = Release|Any CPU
		{14A98290-4DE4-4E4A-B8D7-E323434F99B0}.Debug|Any CPU.ActiveCfg = Debug|Any CPU
		{14A98290-4DE4-4E4A-B8D7-E323434F99B0}.Debug|Any CPU.Build.0 = Debug|Any CPU
		{14A98290-4DE4-4E4A-B8D7-E323434F99B0}.Release|Any CPU.ActiveCfg = Release|Any CPU
		{14A98290-4DE4-4E4A-B8D7-E323434F99B0}.Release|Any CPU.Build.0 = Release|Any CPU
		{FA12AD2C-4889-4D60-A7C1-EB4349E4CE41}.Debug|Any CPU.ActiveCfg = Debug|Any CPU
		{FA12AD2C-4889-4D60-A7C1-EB4349E4CE41}.Debug|Any CPU.Build.0 = Debug|Any CPU
		{FA12AD2C-4889-4D60-A7C1-EB4349E4CE41}.Release|Any CPU.ActiveCfg = Release|Any CPU
		{FA12AD2C-4889-4D60-A7C1-EB4349E4CE41}.Release|Any CPU.Build.0 = Release|Any CPU
		{C28A8A70-ACCE-45F5-8A5E-76CBC400D028}.Debug|Any CPU.ActiveCfg = Debug|Any CPU
		{C28A8A70-ACCE-45F5-8A5E-76CBC400D028}.Debug|Any CPU.Build.0 = Debug|Any CPU
		{C28A8A70-ACCE-45F5-8A5E-76CBC400D028}.Release|Any CPU.ActiveCfg = Release|Any CPU
		{C28A8A70-ACCE-45F5-8A5E-76CBC400D028}.Release|Any CPU.Build.0 = Release|Any CPU
	EndGlobalSection
	GlobalSection(NestedProjects) = preSolution
		{98581A2E-16E9-41AC-AD27-2D266D44DF19} = {C7DB6BAB-165B-4DE8-864B-3A329B700E0E}
		{F4A3E679-D3BC-4894-B116-E350C3B21B22} = {C7DB6BAB-165B-4DE8-864B-3A329B700E0E}
		{B594C290-A13A-4E89-B900-5CC176EA1550} = {C7DB6BAB-165B-4DE8-864B-3A329B700E0E}
		{47A53AD5-074D-44FC-A360-8396A584F931} = {C7DB6BAB-165B-4DE8-864B-3A329B700E0E}
		{14A98290-4DE4-4E4A-B8D7-E323434F99B0} = {C7DB6BAB-165B-4DE8-864B-3A329B700E0E}
		{FA12AD2C-4889-4D60-A7C1-EB4349E4CE41} = {C7DB6BAB-165B-4DE8-864B-3A329B700E0E}
		{C28A8A70-ACCE-45F5-8A5E-76CBC400D028} = {C7DB6BAB-165B-4DE8-864B-3A329B700E0E}
	EndGlobalSection
EndGlobal
